// !$*UTF8*$!
{
	archiveVersion = 1;
	classes = {
	};
	objectVersion = 46;
	objects = {

/* Begin PBXBuildFile section */
		F59CCC841AB6358500B97229 /* AppDelegate.swift in Sources */ = {isa = PBXBuildFile; fileRef = F59CCC831AB6358500B97229 /* AppDelegate.swift */; };
		F59CCC871AB6358500B97229 /* Todo.xcdatamodeld in Sources */ = {isa = PBXBuildFile; fileRef = F59CCC851AB6358500B97229 /* Todo.xcdatamodeld */; };
		F59CCC891AB6358500B97229 /* ViewController.swift in Sources */ = {isa = PBXBuildFile; fileRef = F59CCC881AB6358500B97229 /* ViewController.swift */; };
		F59CCC8C1AB6358500B97229 /* Main.storyboard in Resources */ = {isa = PBXBuildFile; fileRef = F59CCC8A1AB6358500B97229 /* Main.storyboard */; };
		F59CCC8E1AB6358500B97229 /* Images.xcassets in Resources */ = {isa = PBXBuildFile; fileRef = F59CCC8D1AB6358500B97229 /* Images.xcassets */; };
		F59CCC911AB6358600B97229 /* LaunchScreen.xib in Resources */ = {isa = PBXBuildFile; fileRef = F59CCC8F1AB6358600B97229 /* LaunchScreen.xib */; };
		F59CCC9D1AB6358600B97229 /* TodoTests.swift in Sources */ = {isa = PBXBuildFile; fileRef = F59CCC9C1AB6358600B97229 /* TodoTests.swift */; };
/* End PBXBuildFile section */

/* Begin PBXContainerItemProxy section */
		F59CCC971AB6358600B97229 /* PBXContainerItemProxy */ = {
			isa = PBXContainerItemProxy;
			containerPortal = F59CCC761AB6358500B97229 /* Project object */;
			proxyType = 1;
			remoteGlobalIDString = F59CCC7D1AB6358500B97229;
			remoteInfo = Todo;
		};
/* End PBXContainerItemProxy section */

/* Begin PBXFileReference section */
		F59CCC7E1AB6358500B97229 /* Todo.app */ = {isa = PBXFileReference; explicitFileType = wrapper.application; includeInIndex = 0; path = Todo.app; sourceTree = BUILT_PRODUCTS_DIR; };
		F59CCC821AB6358500B97229 /* Info.plist */ = {isa = PBXFileReference; lastKnownFileType = text.plist.xml; path = Info.plist; sourceTree = "<group>"; };
		F59CCC831AB6358500B97229 /* AppDelegate.swift */ = {isa = PBXFileReference; lastKnownFileType = sourcecode.swift; path = AppDelegate.swift; sourceTree = "<group>"; };
		F59CCC861AB6358500B97229 /* Todo.xcdatamodel */ = {isa = PBXFileReference; lastKnownFileType = wrapper.xcdatamodel; path = Todo.xcdatamodel; sourceTree = "<group>"; };
		F59CCC881AB6358500B97229 /* ViewController.swift */ = {isa = PBXFileReference; lastKnownFileType = sourcecode.swift; path = ViewController.swift; sourceTree = "<group>"; };
		F59CCC8B1AB6358500B97229 /* Base */ = {isa = PBXFileReference; lastKnownFileType = file.storyboard; name = Base; path = Base.lproj/Main.storyboard; sourceTree = "<group>"; };
		F59CCC8D1AB6358500B97229 /* Images.xcassets */ = {isa = PBXFileReference; lastKnownFileType = folder.assetcatalog; path = Images.xcassets; sourceTree = "<group>"; };
		F59CCC901AB6358600B97229 /* Base */ = {isa = PBXFileReference; lastKnownFileType = file.xib; name = Base; path = Base.lproj/LaunchScreen.xib; sourceTree = "<group>"; };
		F59CCC961AB6358600B97229 /* TodoTests.xctest */ = {isa = PBXFileReference; explicitFileType = wrapper.cfbundle; includeInIndex = 0; path = TodoTests.xctest; sourceTree = BUILT_PRODUCTS_DIR; };
		F59CCC9B1AB6358600B97229 /* Info.plist */ = {isa = PBXFileReference; lastKnownFileType = text.plist.xml; path = Info.plist; sourceTree = "<group>"; };
		F59CCC9C1AB6358600B97229 /* TodoTests.swift */ = {isa = PBXFileReference; lastKnownFileType = sourcecode.swift; path = TodoTests.swift; sourceTree = "<group>"; };
/* End PBXFileReference section */

/* Begin PBXFrameworksBuildPhase section */
		F59CCC7B1AB6358500B97229 /* Frameworks */ = {
			isa = PBXFrameworksBuildPhase;
			buildActionMask = 2147483647;
			files = (
			);
			runOnlyForDeploymentPostprocessing = 0;
		};
		F59CCC931AB6358600B97229 /* Frameworks */ = {
			isa = PBXFrameworksBuildPhase;
			buildActionMask = 2147483647;
			files = (
			);
			runOnlyForDeploymentPostprocessing = 0;
		};
/* End PBXFrameworksBuildPhase section */

/* Begin PBXGroup section */
		F59CCC751AB6358500B97229 = {
			isa = PBXGroup;
			children = (
				F59CCC801AB6358500B97229 /* Todo */,
				F59CCC991AB6358600B97229 /* TodoTests */,
				F59CCC7F1AB6358500B97229 /* Products */,
			);
			sourceTree = "<group>";
		};
		F59CCC7F1AB6358500B97229 /* Products */ = {
			isa = PBXGroup;
			children = (
				F59CCC7E1AB6358500B97229 /* Todo.app */,
				F59CCC961AB6358600B97229 /* TodoTests.xctest */,
			);
			name = Products;
			sourceTree = "<group>";
		};
		F59CCC801AB6358500B97229 /* Todo */ = {
			isa = PBXGroup;
			children = (
				F59CCC831AB6358500B97229 /* AppDelegate.swift */,
				F59CCC881AB6358500B97229 /* ViewController.swift */,
				F59CCC8A1AB6358500B97229 /* Main.storyboard */,
				F59CCC8D1AB6358500B97229 /* Images.xcassets */,
				F59CCC8F1AB6358600B97229 /* LaunchScreen.xib */,
				F59CCC851AB6358500B97229 /* Todo.xcdatamodeld */,
				F59CCC811AB6358500B97229 /* Supporting Files */,
			);
			path = Todo;
			sourceTree = "<group>";
		};
		F59CCC811AB6358500B97229 /* Supporting Files */ = {
			isa = PBXGroup;
			children = (
				F59CCC821AB6358500B97229 /* Info.plist */,
			);
			name = "Supporting Files";
			sourceTree = "<group>";
		};
		F59CCC991AB6358600B97229 /* TodoTests */ = {
			isa = PBXGroup;
			children = (
				F59CCC9C1AB6358600B97229 /* TodoTests.swift */,
				F59CCC9A1AB6358600B97229 /* Supporting Files */,
			);
			path = TodoTests;
			sourceTree = "<group>";
		};
		F59CCC9A1AB6358600B97229 /* Supporting Files */ = {
			isa = PBXGroup;
			children = (
				F59CCC9B1AB6358600B97229 /* Info.plist */,
			);
			name = "Supporting Files";
			sourceTree = "<group>";
		};
/* End PBXGroup section */

/* Begin PBXNativeTarget section */
		F59CCC7D1AB6358500B97229 /* Todo */ = {
			isa = PBXNativeTarget;
			buildConfigurationList = F59CCCA01AB6358600B97229 /* Build configuration list for PBXNativeTarget "Todo" */;
			buildPhases = (
				F59CCC7A1AB6358500B97229 /* Sources */,
				F59CCC7B1AB6358500B97229 /* Frameworks */,
				F59CCC7C1AB6358500B97229 /* Resources */,
			);
			buildRules = (
			);
			dependencies = (
			);
			name = Todo;
			productName = Todo;
			productReference = F59CCC7E1AB6358500B97229 /* Todo.app */;
			productType = "com.apple.product-type.application";
		};
		F59CCC951AB6358600B97229 /* TodoTests */ = {
			isa = PBXNativeTarget;
			buildConfigurationList = F59CCCA31AB6358600B97229 /* Build configuration list for PBXNativeTarget "TodoTests" */;
			buildPhases = (
				F59CCC921AB6358600B97229 /* Sources */,
				F59CCC931AB6358600B97229 /* Frameworks */,
				F59CCC941AB6358600B97229 /* Resources */,
			);
			buildRules = (
			);
			dependencies = (
				F59CCC981AB6358600B97229 /* PBXTargetDependency */,
			);
			name = TodoTests;
			productName = TodoTests;
			productReference = F59CCC961AB6358600B97229 /* TodoTests.xctest */;
			productType = "com.apple.product-type.bundle.unit-test";
		};
/* End PBXNativeTarget section */

/* Begin PBXProject section */
		F59CCC761AB6358500B97229 /* Project object */ = {
			isa = PBXProject;
			attributes = {
				LastUpgradeCheck = 0610;
				ORGANIZATIONNAME = "Duc Tran";
				TargetAttributes = {
					F59CCC7D1AB6358500B97229 = {
						CreatedOnToolsVersion = 6.1.1;
					};
					F59CCC951AB6358600B97229 = {
						CreatedOnToolsVersion = 6.1.1;
						TestTargetID = F59CCC7D1AB6358500B97229;
					};
				};
			};
			buildConfigurationList = F59CCC791AB6358500B97229 /* Build configuration list for PBXProject "Todo" */;
			compatibilityVersion = "Xcode 3.2";
			developmentRegion = English;
			hasScannedForEncodings = 0;
			knownRegions = (
				en,
				Base,
			);
			mainGroup = F59CCC751AB6358500B97229;
			productRefGroup = F59CCC7F1AB6358500B97229 /* Products */;
			projectDirPath = "";
			projectRoot = "";
			targets = (
				F59CCC7D1AB6358500B97229 /* Todo */,
				F59CCC951AB6358600B97229 /* TodoTests */,
			);
		};
/* End PBXProject section */

/* Begin PBXResourcesBuildPhase section */
		F59CCC7C1AB6358500B97229 /* Resources */ = {
			isa = PBXResourcesBuildPhase;
			buildActionMask = 2147483647;
			files = (
				F59CCC8C1AB6358500B97229 /* Main.storyboard in Resources */,
				F59CCC911AB6358600B97229 /* LaunchScreen.xib in Resources */,
				F59CCC8E1AB6358500B97229 /* Images.xcassets in Resources */,
			);
			runOnlyForDeploymentPostprocessing = 0;
		};
		F59CCC941AB6358600B97229 /* Resources */ = {
			isa = PBXResourcesBuildPhase;
			buildActionMask = 2147483647;
			files = (
			);
			runOnlyForDeploymentPostprocessing = 0;
		};
/* End PBXResourcesBuildPhase section */

/* Begin PBXSourcesBuildPhase section */
		F59CCC7A1AB6358500B97229 /* Sources */ = {
			isa = PBXSourcesBuildPhase;
			buildActionMask = 2147483647;
			files = (
				F59CCC891AB6358500B97229 /* ViewController.swift in Sources */,
				F59CCC841AB6358500B97229 /* AppDelegate.swift in Sources */,
				F59CCC871AB6358500B97229 /* Todo.xcdatamodeld in Sources */,
			);
			runOnlyForDeploymentPostprocessing = 0;
		};
		F59CCC921AB6358600B97229 /* Sources */ = {
			isa = PBXSourcesBuildPhase;
			buildActionMask = 2147483647;
			files = (
				F59CCC9D1AB6358600B97229 /* TodoTests.swift in Sources */,
			);
			runOnlyForDeploymentPostprocessing = 0;
		};
/* End PBXSourcesBuildPhase section */

/* Begin PBXTargetDependency section */
		F59CCC981AB6358600B97229 /* PBXTargetDependency */ = {
			isa = PBXTargetDependency;
			target = F59CCC7D1AB6358500B97229 /* Todo */;
			targetProxy = F59CCC971AB6358600B97229 /* PBXContainerItemProxy */;
		};
/* End PBXTargetDependency section */

/* Begin PBXVariantGroup section */
		F59CCC8A1AB6358500B97229 /* Main.storyboard */ = {
			isa = PBXVariantGroup;
			children = (
				F59CCC8B1AB6358500B97229 /* Base */,
			);
			name = Main.storyboard;
			sourceTree = "<group>";
		};
		F59CCC8F1AB6358600B97229 /* LaunchScreen.xib */ = {
			isa = PBXVariantGroup;
			children = (
				F59CCC901AB6358600B97229 /* Base */,
			);
			name = LaunchScreen.xib;
			sourceTree = "<group>";
		};
/* End PBXVariantGroup section */

/* Begin XCBuildConfiguration section */
		F59CCC9E1AB6358600B97229 /* Debug */ = {
			isa = XCBuildConfiguration;
			buildSettings = {
				ALWAYS_SEARCH_USER_PATHS = NO;
				CLANG_CXX_LANGUAGE_STANDARD = "gnu++0x";
				CLANG_CXX_LIBRARY = "libc++";
				CLANG_ENABLE_MODULES = YES;
				CLANG_ENABLE_OBJC_ARC = YES;
				CLANG_WARN_BOOL_CONVERSION = YES;
				CLANG_WARN_CONSTANT_CONVERSION = YES;
				CLANG_WARN_DIRECT_OBJC_ISA_USAGE = YES_ERROR;
				CLANG_WARN_EMPTY_BODY = YES;
				CLANG_WARN_ENUM_CONVERSION = YES;
				CLANG_WARN_INT_CONVERSION = YES;
				CLANG_WARN_OBJC_ROOT_CLASS = YES_ERROR;
				CLANG_WARN_UNREACHABLE_CODE = YES;
				CLANG_WARN__DUPLICATE_METHOD_MATCH = YES;
				"CODE_SIGN_IDENTITY[sdk=iphoneos*]" = "iPhone Developer";
				COPY_PHASE_STRIP = NO;
				ENABLE_STRICT_OBJC_MSGSEND = YES;
				GCC_C_LANGUAGE_STANDARD = gnu99;
				GCC_DYNAMIC_NO_PIC = NO;
				GCC_OPTIMIZATION_LEVEL = 0;
				GCC_PREPROCESSOR_DEFINITIONS = (
					"DEBUG=1",
					"$(inherited)",
				);
				GCC_SYMBOLS_PRIVATE_EXTERN = NO;
				GCC_WARN_64_TO_32_BIT_CONVERSION = YES;
				GCC_WARN_ABOUT_RETURN_TYPE = YES_ERROR;
				GCC_WARN_UNDECLARED_SELECTOR = YES;
				GCC_WARN_UNINITIALIZED_AUTOS = YES_AGGRESSIVE;
				GCC_WARN_UNUSED_FUNCTION = YES;
				GCC_WARN_UNUSED_VARIABLE = YES;
				IPHONEOS_DEPLOYMENT_TARGET = 8.1;
				MTL_ENABLE_DEBUG_INFO = YES;
				ONLY_ACTIVE_ARCH = YES;
				SDKROOT = iphoneos;
				SWIFT_OPTIMIZATION_LEVEL = "-Onone";
			};
			name = Debug;
		};
		F59CCC9F1AB6358600B97229 /* Release */ = {
			isa = XCBuildConfiguration;
			buildSettings = {
				ALWAYS_SEARCH_USER_PATHS = NO;
				CLANG_CXX_LANGUAGE_STANDARD = "gnu++0x";
				CLANG_CXX_LIBRARY = "libc++";
				CLANG_ENABLE_MODULES = YES;
				CLANG_ENABLE_OBJC_ARC = YES;
				CLANG_WARN_BOOL_CONVERSION = YES;
				CLANG_WARN_CONSTANT_CONVERSION = YES;
				CLANG_WARN_DIRECT_OBJC_ISA_USAGE = YES_ERROR;
				CLANG_WARN_EMPTY_BODY = YES;
				CLANG_WARN_ENUM_CONVERSION = YES;
				CLANG_WARN_INT_CONVERSION = YES;
				CLANG_WARN_OBJC_ROOT_CLASS = YES_ERROR;
				CLANG_WARN_UNREACHABLE_CODE = YES;
				CLANG_WARN__DUPLICATE_METHOD_MATCH = YES;
				"CODE_SIGN_IDENTITY[sdk=iphoneos*]" = "iPhone Developer";
				COPY_PHASE_STRIP = YES;
				ENABLE_NS_ASSERTIONS = NO;
				ENABLE_STRICT_OBJC_MSGSEND = YES;
				GCC_C_LANGUAGE_STANDARD = gnu99;
				GCC_WARN_64_TO_32_BIT_CONVERSION = YES;
				GCC_WARN_ABOUT_RETURN_TYPE = YES_ERROR;
				GCC_WARN_UNDECLARED_SELECTOR = YES;
				GCC_WARN_UNINITIALIZED_AUTOS = YES_AGGRESSIVE;
				GCC_WARN_UNUSED_FUNCTION = YES;
				GCC_WARN_UNUSED_VARIABLE = YES;
				IPHONEOS_DEPLOYMENT_TARGET = 8.1;
				MTL_ENABLE_DEBUG_INFO = NO;
				SDKROOT = iphoneos;
				VALIDATE_PRODUCT = YES;
			};
			name = Release;
		};
		F59CCCA11AB6358600B97229 /* Debug */ = {
			isa = XCBuildConfiguration;
			buildSettings = {
				ASSETCATALOG_COMPILER_APPICON_NAME = AppIcon;
				INFOPLIST_FILE = Todo/Info.plist;
				LD_RUNPATH_SEARCH_PATHS = "$(inherited) @executable_path/Frameworks";
				PRODUCT_NAME = "$(TARGET_NAME)";
			};
			name = Debug;
		};
		F59CCCA21AB6358600B97229 /* Release */ = {
			isa = XCBuildConfiguration;
			buildSettings = {
				ASSETCATALOG_COMPILER_APPICON_NAME = AppIcon;
				INFOPLIST_FILE = Todo/Info.plist;
				LD_RUNPATH_SEARCH_PATHS = "$(inherited) @executable_path/Frameworks";
				PRODUCT_NAME = "$(TARGET_NAME)";
			};
			name = Release;
		};
		F59CCCA41AB6358600B97229 /* Debug */ = {
			isa = XCBuildConfiguration;
			buildSettings = {
				BUNDLE_LOADER = "$(TEST_HOST)";
				FRAMEWORK_SEARCH_PATHS = (
					"$(SDKROOT)/Developer/Library/Frameworks",
					"$(inherited)",
				);
				GCC_PREPROCESSOR_DEFINITIONS = (
					"DEBUG=1",
					"$(inherited)",
				);
				INFOPLIST_FILE = TodoTests/Info.plist;
				LD_RUNPATH_SEARCH_PATHS = "$(inherited) @executable_path/Frameworks @loader_path/Frameworks";
				PRODUCT_NAME = "$(TARGET_NAME)";
				TEST_HOST = "$(BUILT_PRODUCTS_DIR)/Todo.app/Todo";
			};
			name = Debug;
		};
		F59CCCA51AB6358600B97229 /* Release */ = {
			isa = XCBuildConfiguration;
			buildSettings = {
				BUNDLE_LOADER = "$(TEST_HOST)";
				FRAMEWORK_SEARCH_PATHS = (
					"$(SDKROOT)/Developer/Library/Frameworks",
					"$(inherited)",
				);
				INFOPLIST_FILE = TodoTests/Info.plist;
				LD_RUNPATH_SEARCH_PATHS = "$(inherited) @executable_path/Frameworks @loader_path/Frameworks";
				PRODUCT_NAME = "$(TARGET_NAME)";
				TEST_HOST = "$(BUILT_PRODUCTS_DIR)/Todo.app/Todo";
			};
			name = Release;
		};
/* End XCBuildConfiguration section */

/* Begin XCConfigurationList section */
		F59CCC791AB6358500B97229 /* Build configuration list for PBXProject "Todo" */ = {
			isa = XCConfigurationList;
			buildConfigurations = (
				F59CCC9E1AB6358600B97229 /* Debug */,
				F59CCC9F1AB6358600B97229 /* Release */,
			);
			defaultConfigurationIsVisible = 0;
			defaultConfigurationName = Release;
		};
		F59CCCA01AB6358600B97229 /* Build configuration list for PBXNativeTarget "Todo" */ = {
			isa = XCConfigurationList;
			buildConfigurations = (
				F59CCCA11AB6358600B97229 /* Debug */,
				F59CCCA21AB6358600B97229 /* Release */,
			);
			defaultConfigurationIsVisible = 0;
		};
		F59CCCA31AB6358600B97229 /* Build configuration list for PBXNativeTarget "TodoTests" */ = {
			isa = XCConfigurationList;
			buildConfigurations = (
				F59CCCA41AB6358600B97229 /* Debug */,
				F59CCCA51AB6358600B97229 /* Release */,
			);
			defaultConfigurationIsVisible = 0;
		};
/* End XCConfigurationList section */

/* Begin XCVersionGroup section */
		F59CCC851AB6358500B97229 /* Todo.xcdatamodeld */ = {
			isa = XCVersionGroup;
			children = (
				F59CCC861AB6358500B97229 /* Todo.xcdatamodel */,
			);
			currentVersion = F59CCC861AB6358500B97229 /* Todo.xcdatamodel */;
			path = Todo.xcdatamodeld;
			sourceTree = "<group>";
			versionGroupType = wrapper.xcdatamodel;
		};
/* End XCVersionGroup section */
	};
	rootObject = F59CCC761AB6358500B97229 /* Project object */;
}
